// !$*UTF8*$!
{
	archiveVersion = 1;
	classes = {
	};
	objectVersion = 50;
	objects = {

/* Begin PBXBuildFile section */
		93301F5A234967A0000D8D13 /* marching.cpp in Sources */ = {isa = PBXBuildFile; fileRef = 93301F59234967A0000D8D13 /* marching.cpp */; };
		93301F60234A3512000D8D13 /* world.cpp in Sources */ = {isa = PBXBuildFile; fileRef = 93301F5F234A3512000D8D13 /* world.cpp */; };
		93B54E8E2347E6800062241C /* main.cpp in Sources */ = {isa = PBXBuildFile; fileRef = 93B54E8D2347E6800062241C /* main.cpp */; };
		93B54E962347E70D0062241C /* window.cpp in Sources */ = {isa = PBXBuildFile; fileRef = 93B54E952347E70D0062241C /* window.cpp */; };
		93B54E9A2347E95A0062241C /* libglfw.3.3.dylib in Frameworks */ = {isa = PBXBuildFile; fileRef = 93B54E982347E80D0062241C /* libglfw.3.3.dylib */; };
		93B54E9C2347E96E0062241C /* OpenGL.framework in Frameworks */ = {isa = PBXBuildFile; fileRef = 93B54E9B2347E96E0062241C /* OpenGL.framework */; };
		93B54E9F2347F02E0062241C /* block.cpp in Sources */ = {isa = PBXBuildFile; fileRef = 93B54E9E2347F02E0062241C /* block.cpp */; };
/* End PBXBuildFile section */

/* Begin PBXCopyFilesBuildPhase section */
		93B54E882347E6800062241C /* CopyFiles */ = {
			isa = PBXCopyFilesBuildPhase;
			buildActionMask = 2147483647;
			dstPath = /usr/share/man/man1/;
			dstSubfolderSpec = 0;
			files = (
			);
			runOnlyForDeploymentPostprocessing = 1;
		};
/* End PBXCopyFilesBuildPhase section */

/* Begin PBXFileReference section */
		93301F58234967A0000D8D13 /* marching.h */ = {isa = PBXFileReference; lastKnownFileType = sourcecode.c.h; path = marching.h; sourceTree = "<group>"; };
		93301F59234967A0000D8D13 /* marching.cpp */ = {isa = PBXFileReference; lastKnownFileType = sourcecode.cpp.cpp; path = marching.cpp; sourceTree = "<group>"; };
		93301F5B234A32B0000D8D13 /* vec3.h */ = {isa = PBXFileReference; lastKnownFileType = sourcecode.c.h; path = vec3.h; sourceTree = "<group>"; };
		93301F5E234A3341000D8D13 /* marching_tables.h */ = {isa = PBXFileReference; lastKnownFileType = sourcecode.c.h; path = marching_tables.h; sourceTree = "<group>"; };
		93301F5F234A3512000D8D13 /* world.cpp */ = {isa = PBXFileReference; lastKnownFileType = sourcecode.cpp.cpp; path = world.cpp; sourceTree = "<group>"; };
		93B54E8A2347E6800062241C /* voxels */ = {isa = PBXFileReference; explicitFileType = "compiled.mach-o.executable"; includeInIndex = 0; path = voxels; sourceTree = BUILT_PRODUCTS_DIR; };
		93B54E8D2347E6800062241C /* main.cpp */ = {isa = PBXFileReference; lastKnownFileType = sourcecode.cpp.cpp; path = main.cpp; sourceTree = "<group>"; };
		93B54E942347E70D0062241C /* window.h */ = {isa = PBXFileReference; lastKnownFileType = sourcecode.c.h; path = window.h; sourceTree = "<group>"; };
		93B54E952347E70D0062241C /* window.cpp */ = {isa = PBXFileReference; lastKnownFileType = sourcecode.cpp.cpp; path = window.cpp; sourceTree = "<group>"; };
		93B54E982347E80D0062241C /* libglfw.3.3.dylib */ = {isa = PBXFileReference; lastKnownFileType = "compiled.mach-o.dylib"; name = libglfw.3.3.dylib; path = ../../../../../usr/local/Cellar/glfw/3.3/lib/libglfw.3.3.dylib; sourceTree = "<group>"; };
		93B54E9B2347E96E0062241C /* OpenGL.framework */ = {isa = PBXFileReference; lastKnownFileType = wrapper.framework; name = OpenGL.framework; path = System/Library/Frameworks/OpenGL.framework; sourceTree = SDKROOT; };
		93B54E9D2347F02E0062241C /* block.h */ = {isa = PBXFileReference; lastKnownFileType = sourcecode.c.h; path = block.h; sourceTree = "<group>"; };
		93B54E9E2347F02E0062241C /* block.cpp */ = {isa = PBXFileReference; lastKnownFileType = sourcecode.cpp.cpp; path = block.cpp; sourceTree = "<group>"; };
/* End PBXFileReference section */

/* Begin PBXFrameworksBuildPhase section */
		93B54E872347E6800062241C /* Frameworks */ = {
			isa = PBXFrameworksBuildPhase;
			buildActionMask = 2147483647;
			files = (
				93B54E9C2347E96E0062241C /* OpenGL.framework in Frameworks */,
				93B54E9A2347E95A0062241C /* libglfw.3.3.dylib in Frameworks */,
			);
			runOnlyForDeploymentPostprocessing = 0;
		};
/* End PBXFrameworksBuildPhase section */

/* Begin PBXGroup section */
		93B54E812347E67F0062241C = {
			isa = PBXGroup;
			children = (
				93B54E8C2347E6800062241C /* voxels */,
				93B54E8B2347E6800062241C /* Products */,
				93B54E972347E80D0062241C /* Frameworks */,
			);
			sourceTree = "<group>";
		};
		93B54E8B2347E6800062241C /* Products */ = {
			isa = PBXGroup;
			children = (
				93B54E8A2347E6800062241C /* voxels */,
			);
			name = Products;
			sourceTree = "<group>";
		};
		93B54E8C2347E6800062241C /* voxels */ = {
			isa = PBXGroup;
			children = (
				93B54E8D2347E6800062241C /* main.cpp */,
				93B54E942347E70D0062241C /* window.h */,
				93B54E952347E70D0062241C /* window.cpp */,
				93B54E9D2347F02E0062241C /* block.h */,
				93B54E9E2347F02E0062241C /* block.cpp */,
				93301F58234967A0000D8D13 /* marching.h */,
				93301F59234967A0000D8D13 /* marching.cpp */,
				93301F5B234A32B0000D8D13 /* vec3.h */,
				93301F5E234A3341000D8D13 /* marching_tables.h */,
				93301F5F234A3512000D8D13 /* world.cpp */,
			);
			path = voxels;
			sourceTree = "<group>";
		};
		93B54E972347E80D0062241C /* Frameworks */ = {
			isa = PBXGroup;
			children = (
				93B54E9B2347E96E0062241C /* OpenGL.framework */,
				93B54E982347E80D0062241C /* libglfw.3.3.dylib */,
			);
			name = Frameworks;
			sourceTree = "<group>";
		};
/* End PBXGroup section */

/* Begin PBXNativeTarget section */
		93B54E892347E6800062241C /* voxels */ = {
			isa = PBXNativeTarget;
			buildConfigurationList = 93B54E912347E6800062241C /* Build configuration list for PBXNativeTarget "voxels" */;
			buildPhases = (
				93B54E862347E6800062241C /* Sources */,
				93B54E872347E6800062241C /* Frameworks */,
				93B54E882347E6800062241C /* CopyFiles */,
			);
			buildRules = (
			);
			dependencies = (
			);
			name = voxels;
			productName = voxels;
			productReference = 93B54E8A2347E6800062241C /* voxels */;
			productType = "com.apple.product-type.tool";
		};
/* End PBXNativeTarget section */

/* Begin PBXProject section */
		93B54E822347E67F0062241C /* Project object */ = {
			isa = PBXProject;
			attributes = {
				LastUpgradeCheck = 0930;
				ORGANIZATIONNAME = Nikola;
				TargetAttributes = {
					93B54E892347E6800062241C = {
						CreatedOnToolsVersion = 9.3;
					};
				};
			};
			buildConfigurationList = 93B54E852347E67F0062241C /* Build configuration list for PBXProject "voxels" */;
			compatibilityVersion = "Xcode 9.3";
			developmentRegion = en;
			hasScannedForEncodings = 0;
			knownRegions = (
				en,
			);
			mainGroup = 93B54E812347E67F0062241C;
			productRefGroup = 93B54E8B2347E6800062241C /* Products */;
			projectDirPath = "";
			projectRoot = "";
			targets = (
				93B54E892347E6800062241C /* voxels */,
			);
		};
/* End PBXProject section */

/* Begin PBXSourcesBuildPhase section */
		93B54E862347E6800062241C /* Sources */ = {
			isa = PBXSourcesBuildPhase;
			buildActionMask = 2147483647;
			files = (
				93B54E8E2347E6800062241C /* main.cpp in Sources */,
				93B54E962347E70D0062241C /* window.cpp in Sources */,
				93301F5A234967A0000D8D13 /* marching.cpp in Sources */,
				93B54E9F2347F02E0062241C /* block.cpp in Sources */,
				93301F60234A3512000D8D13 /* world.cpp in Sources */,
			);
			runOnlyForDeploymentPostprocessing = 0;
		};
/* End PBXSourcesBuildPhase section */

/* Begin XCBuildConfiguration section */
		93B54E8F2347E6800062241C /* Debug */ = {
			isa = XCBuildConfiguration;
			buildSettings = {
				ALWAYS_SEARCH_USER_PATHS = NO;
				CLANG_ANALYZER_NONNULL = YES;
				CLANG_ANALYZER_NUMBER_OBJECT_CONVERSION = YES_AGGRESSIVE;
				CLANG_CXX_LANGUAGE_STANDARD = "gnu++14";
				CLANG_CXX_LIBRARY = "libc++";
				CLANG_ENABLE_MODULES = YES;
				CLANG_ENABLE_OBJC_ARC = YES;
				CLANG_ENABLE_OBJC_WEAK = YES;
				CLANG_WARN_BLOCK_CAPTURE_AUTORELEASING = YES;
				CLANG_WARN_BOOL_CONVERSION = YES;
				CLANG_WARN_COMMA = YES;
				CLANG_WARN_CONSTANT_CONVERSION = YES;
				CLANG_WARN_DEPRECATED_OBJC_IMPLEMENTATIONS = YES;
				CLANG_WARN_DIRECT_OBJC_ISA_USAGE = YES_ERROR;
				CLANG_WARN_DOCUMENTATION_COMMENTS = NO;
				CLANG_WARN_EMPTY_BODY = YES;
				CLANG_WARN_ENUM_CONVERSION = YES;
				CLANG_WARN_INFINITE_RECURSION = YES;
				CLANG_WARN_INT_CONVERSION = YES;
				CLANG_WARN_NON_LITERAL_NULL_CONVERSION = YES;
				CLANG_WARN_OBJC_IMPLICIT_RETAIN_SELF = YES;
				CLANG_WARN_OBJC_LITERAL_CONVERSION = YES;
				CLANG_WARN_OBJC_ROOT_CLASS = YES_ERROR;
				CLANG_WARN_RANGE_LOOP_ANALYSIS = YES;
				CLANG_WARN_STRICT_PROTOTYPES = YES;
				CLANG_WARN_SUSPICIOUS_MOVE = YES;
				CLANG_WARN_UNGUARDED_AVAILABILITY = YES_AGGRESSIVE;
				CLANG_WARN_UNREACHABLE_CODE = YES;
				CLANG_WARN__DUPLICATE_METHOD_MATCH = YES;
				CODE_SIGN_IDENTITY = "-";
				COPY_PHASE_STRIP = NO;
				DEBUG_INFORMATION_FORMAT = dwarf;
				ENABLE_STRICT_OBJC_MSGSEND = YES;
				ENABLE_TESTABILITY = YES;
				GCC_C_LANGUAGE_STANDARD = gnu11;
				GCC_DYNAMIC_NO_PIC = NO;
				GCC_NO_COMMON_BLOCKS = YES;
				GCC_OPTIMIZATION_LEVEL = 0;
				GCC_PREPROCESSOR_DEFINITIONS = (
					"DEBUG=1",
					"$(inherited)",
				);
				GCC_WARN_64_TO_32_BIT_CONVERSION = YES;
				GCC_WARN_ABOUT_RETURN_TYPE = YES_ERROR;
				GCC_WARN_UNDECLARED_SELECTOR = YES;
				GCC_WARN_UNINITIALIZED_AUTOS = YES_AGGRESSIVE;
				GCC_WARN_UNUSED_FUNCTION = YES;
				GCC_WARN_UNUSED_VARIABLE = YES;
				MACOSX_DEPLOYMENT_TARGET = 10.14;
				MTL_ENABLE_DEBUG_INFO = YES;
				ONLY_ACTIVE_ARCH = YES;
				SDKROOT = macosx;
			};
			name = Debug;
		};
		93B54E902347E6800062241C /* Release */ = {
			isa = XCBuildConfiguration;
			buildSettings = {
				ALWAYS_SEARCH_USER_PATHS = NO;
				CLANG_ANALYZER_NONNULL = YES;
				CLANG_ANALYZER_NUMBER_OBJECT_CONVERSION = YES_AGGRESSIVE;
				CLANG_CXX_LANGUAGE_STANDARD = "gnu++14";
				CLANG_CXX_LIBRARY = "libc++";
				CLANG_ENABLE_MODULES = YES;
				CLANG_ENABLE_OBJC_ARC = YES;
				CLANG_ENABLE_OBJC_WEAK = YES;
				CLANG_WARN_BLOCK_CAPTURE_AUTORELEASING = YES;
				CLANG_WARN_BOOL_CONVERSION = YES;
				CLANG_WARN_COMMA = YES;
				CLANG_WARN_CONSTANT_CONVERSION = YES;
				CLANG_WARN_DEPRECATED_OBJC_IMPLEMENTATIONS = YES;
				CLANG_WARN_DIRECT_OBJC_ISA_USAGE = YES_ERROR;
				CLANG_WARN_DOCUMENTATION_COMMENTS = NO;
				CLANG_WARN_EMPTY_BODY = YES;
				CLANG_WARN_ENUM_CONVERSION = YES;
				CLANG_WARN_INFINITE_RECURSION = YES;
				CLANG_WARN_INT_CONVERSION = YES;
				CLANG_WARN_NON_LITERAL_NULL_CONVERSION = YES;
				CLANG_WARN_OBJC_IMPLICIT_RETAIN_SELF = YES;
				CLANG_WARN_OBJC_LITERAL_CONVERSION = YES;
				CLANG_WARN_OBJC_ROOT_CLASS = YES_ERROR;
				CLANG_WARN_RANGE_LOOP_ANALYSIS = YES;
				CLANG_WARN_STRICT_PROTOTYPES = YES;
				CLANG_WARN_SUSPICIOUS_MOVE = YES;
				CLANG_WARN_UNGUARDED_AVAILABILITY = YES_AGGRESSIVE;
				CLANG_WARN_UNREACHABLE_CODE = YES;
				CLANG_WARN__DUPLICATE_METHOD_MATCH = YES;
				CODE_SIGN_IDENTITY = "-";
				COPY_PHASE_STRIP = NO;
				DEBUG_INFORMATION_FORMAT = "dwarf-with-dsym";
				ENABLE_NS_ASSERTIONS = NO;
				ENABLE_STRICT_OBJC_MSGSEND = YES;
				GCC_C_LANGUAGE_STANDARD = gnu11;
				GCC_NO_COMMON_BLOCKS = YES;
				GCC_WARN_64_TO_32_BIT_CONVERSION = YES;
				GCC_WARN_ABOUT_RETURN_TYPE = YES_ERROR;
				GCC_WARN_UNDECLARED_SELECTOR = YES;
				GCC_WARN_UNINITIALIZED_AUTOS = YES_AGGRESSIVE;
				GCC_WARN_UNUSED_FUNCTION = YES;
				GCC_WARN_UNUSED_VARIABLE = YES;
				MACOSX_DEPLOYMENT_TARGET = 10.14;
				MTL_ENABLE_DEBUG_INFO = NO;
				SDKROOT = macosx;
			};
			name = Release;
		};
		93B54E922347E6800062241C /* Debug */ = {
			isa = XCBuildConfiguration;
			buildSettings = {
				CLANG_WARN_DOCUMENTATION_COMMENTS = NO;
				CODE_SIGN_STYLE = Automatic;
				HEADER_SEARCH_PATHS = /usr/local/include;
				LIBRARY_SEARCH_PATHS = (
					"$(inherited)",
					/usr/local/Cellar/glfw/3.3/lib,
				);
				MACOSX_DEPLOYMENT_TARGET = 10.13;
				PRODUCT_NAME = "$(TARGET_NAME)";
			};
			name = Debug;
		};
		93B54E932347E6800062241C /* Release */ = {
			isa = XCBuildConfiguration;
			buildSettings = {
				CLANG_WARN_DOCUMENTATION_COMMENTS = NO;
				CODE_SIGN_STYLE = Automatic;
				HEADER_SEARCH_PATHS = /usr/local/include;
				LIBRARY_SEARCH_PATHS = (
					"$(inherited)",
					/usr/local/Cellar/glfw/3.3/lib,
				);
				MACOSX_DEPLOYMENT_TARGET = 10.13;
				PRODUCT_NAME = "$(TARGET_NAME)";
			};
			name = Release;
		};
/* End XCBuildConfiguration section */

/* Begin XCConfigurationList section */
		93B54E852347E67F0062241C /* Build configuration list for PBXProject "voxels" */ = {
			isa = XCConfigurationList;
			buildConfigurations = (
				93B54E8F2347E6800062241C /* Debug */,
				93B54E902347E6800062241C /* Release */,
			);
			defaultConfigurationIsVisible = 0;
			defaultConfigurationName = Release;
		};
		93B54E912347E6800062241C /* Build configuration list for PBXNativeTarget "voxels" */ = {
			isa = XCConfigurationList;
			buildConfigurations = (
				93B54E922347E6800062241C /* Debug */,
				93B54E932347E6800062241C /* Release */,
			);
			defaultConfigurationIsVisible = 0;
			defaultConfigurationName = Release;
		};
/* End XCConfigurationList section */
	};
	rootObject = 93B54E822347E67F0062241C /* Project object */;
}
